
Microsoft Visual Studio Solution File, Format Version 12.00
# Visual Studio Version 17
VisualStudioVersion = 17.6.33815.320
MinimumVisualStudioVersion = 10.0.40219.1
Project("{FAE04EC0-301F-11D3-BF4B-00C04F79EFBC}") = "UserTableDoNet", "UserTableDoNet\UserTableDoNet.csproj", "{6D07CD1A-E20F-46E2-8F63-38801C9CF71C}"
EndProject
Global
	GlobalSection(SolutionConfigurationPlatforms) = preSolution
		Debug|Any CPU = Debug|Any CPU
		Release|Any CPU = Release|Any CPU
	EndGlobalSection
	GlobalSection(ProjectConfigurationPlatforms) = postSolution
		{6D07CD1A-E20F-46E2-8F63-38801C9CF71C}.Debug|Any CPU.ActiveCfg = Debug|Any CPU
		{6D07CD1A-E20F-46E2-8F63-38801C9CF71C}.Debug|Any CPU.Build.0 = Debug|Any CPU
		{6D07CD1A-E20F-46E2-8F63-38801C9CF71C}.Release|Any CPU.ActiveCfg = Release|Any CPU
		{6D07CD1A-E20F-46E2-8F63-38801C9CF71C}.Release|Any CPU.Build.0 = Release|Any CPU
	EndGlobalSection
	GlobalSection(SolutionProperties) = preSolution
		HideSolutionNode = FALSE
	EndGlobalSection
	GlobalSection(ExtensibilityGlobals) = postSolution
		SolutionGuid = {8F40EB2E-45BE-49CC-B1F2-C0B933E7B5BF}
	EndGlobalSection
EndGlobal
